
Microsoft Visual Studio Solution File, Format Version 12.00
# Visual Studio Version 17
VisualStudioVersion = 17.12.35707.178
MinimumVisualStudioVersion = 10.0.40219.1
Project("{FAE04EC0-301F-11D3-BF4B-00C04F79EFBC}") = "QuickJump", "QuickJump\QuickJump.csproj", "{79B5C260-CC17-4C51-9C8D-EB57D8B66F34}"
EndProject
Project("{FAE04EC0-301F-11D3-BF4B-00C04F79EFBC}") = "AnimationExtensions", "AnimationExtensions\AnimationExtensions.csproj", "{C312DF7B-2D53-4DEE-80AE-87766CDB7158}"
EndProject
Global
	GlobalSection(SolutionConfigurationPlatforms) = preSolution
		Debug|Any CPU = Debug|Any CPU
		Release|Any CPU = Release|Any CPU
	EndGlobalSection
	GlobalSection(ProjectConfigurationPlatforms) = postSolution
		{79B5C260-CC17-4C51-9C8D-EB57D8B66F34}.Debug|Any CPU.ActiveCfg = Debug|Any CPU
		{79B5C260-CC17-4C51-9C8D-EB57D8B66F34}.Debug|Any CPU.Build.0 = Debug|Any CPU
		{79B5C260-CC17-4C51-9C8D-EB57D8B66F34}.Release|Any CPU.ActiveCfg = Release|Any CPU
		{79B5C260-CC17-4C51-9C8D-EB57D8B66F34}.Release|Any CPU.Build.0 = Release|Any CPU
		{C312DF7B-2D53-4DEE-80AE-87766CDB7158}.Debug|Any CPU.ActiveCfg = Debug|Any CPU
		{C312DF7B-2D53-4DEE-80AE-87766CDB7158}.Debug|Any CPU.Build.0 = Debug|Any CPU
		{C312DF7B-2D53-4DEE-80AE-87766CDB7158}.Release|Any CPU.ActiveCfg = Release|Any CPU
		{C312DF7B-2D53-4DEE-80AE-87766CDB7158}.Release|Any CPU.Build.0 = Release|Any CPU
	EndGlobalSection
	GlobalSection(SolutionProperties) = preSolution
		HideSolutionNode = FALSE
	EndGlobalSection
EndGlobal
